# THIS IS AN AUTOGENERATED FILE. DO NOT EDIT THIS FILE DIRECTLY.
# yarn lockfile v1


"@babel/code-frame@^7.16.7":
  version "7.18.6"
  resolved "https://registry.yarnpkg.com/@babel/code-frame/-/code-frame-7.18.6.tgz#3b25d38c89600baa2dcc219edfa88a74eb2c427a"
  integrity sha512-TDCmlK5eOvH+eH7cdAFlNXeVJqWIQ7gW9tY1GJIpUtFb6CmjVyq2VM3u71bOyR8CRihcCgMUYoDNyLXao3+70Q==
  dependencies:
    "@babel/highlight" "^7.18.6"

"@babel/helper-validator-identifier@^7.18.6":
  version "7.18.6"
  resolved "https://registry.yarnpkg.com/@babel/helper-validator-identifier/-/helper-validator-identifier-7.18.6.tgz#9c97e30d31b2b8c72a1d08984f2ca9b574d7a076"
  integrity sha512-MmetCkz9ej86nJQV+sFCxoGGrUbU3q02kgLciwkrt9QqEB7cP39oKEY0PakknEO0Gu20SskMRi+AYZ3b1TpN9g==

"@babel/highlight@^7.18.6":
  version "7.18.6"
  resolved "https://registry.yarnpkg.com/@babel/highlight/-/highlight-7.18.6.tgz#81158601e93e2563795adcbfbdf5d64be3f2ecdf"
  integrity sha512-u7stbOuYjaPezCuLj29hNW1v64M2Md2qupEKP1fHc7WdOA3DgLh37suiSrZYY7haUB7iBeQZ9P1uiRF359do3g==
  dependencies:
    "@babel/helper-validator-identifier" "^7.18.6"
    chalk "^2.0.0"
    js-tokens "^4.0.0"

"@qoi/build@^0.2.0":
  version "0.2.0"
  resolved "https://registry.yarnpkg.com/@qoi/build/-/build-0.2.0.tgz#0bb3fb17c68a95240493ad70ab16afad499e3162"
  integrity sha512-AUboiAC0l0BH6ORnaUiDbyw2Vgx3QxdqLQRxHDK9y2yJsgM/y1/9NYgXNibMV/SoS1Ms0OiI3kLe89VOkd+x4w==
  dependencies:
    rollup "^2.75.7"

"@qoi/cli@^0.2.0":
  version "0.2.0"
  resolved "https://registry.yarnpkg.com/@qoi/cli/-/cli-0.2.0.tgz#9b345caeb4d2a714fe4e34b9e44e0f2957be1b9a"
  integrity sha512-SXAJPTLjcWAjdlibhf+8ADTD0Db+CMzmw9LIlIFnAPvAwoF+nrXrhhQHVsjS46R8cNSg4aJS3fx/SYlGXvdhPA==
  dependencies:
    "@qoi/fs" "0.2.0"
    "@qoi/register" "0.2.0"

"@qoi/fs@0.2.0":
  version "0.2.0"
  resolved "https://registry.yarnpkg.com/@qoi/fs/-/fs-0.2.0.tgz#357f8c380ec8736bdb2f18885f03b0ba3e4321ff"
  integrity sha512-4tLcK+zmEXD/19R+yC8XD8llWC09CHjAcKWxM0KGxauJ3aFwjUO3n7xoco3n6dFo+C+jGaIgSEyX3uTKSZZwnQ==

"@qoi/register@0.2.0":
  version "0.2.0"
  resolved "https://registry.yarnpkg.com/@qoi/register/-/register-0.2.0.tgz#29a7c2d32b0808fc9a72b4a90122c8ec062367a3"
  integrity sha512-zCUqmsvb41Vd1qJPC1+iL1Y/vYYo2/D68Pw8Y2e9sV3LNIP1L1tuawKq7DFFCMwC9KDZcgs0r6LFhZlSknHvlg==
  dependencies:
    "@swc/core" "^1.2.207"

"@rollup/pluginutils@^4.2.1":
  version "4.2.1"
  resolved "https://registry.yarnpkg.com/@rollup/pluginutils/-/pluginutils-4.2.1.tgz#e6c6c3aba0744edce3fb2074922d3776c0af2a6d"
  integrity sha512-iKnFXr7NkdZAIHiIWE+BX5ULi/ucVFYWD6TbAV+rZctiRTY2PL6tsIKhoIOaoskiWAkgu+VsbXgUVDNLHf+InQ==
  dependencies:
    estree-walker "^2.0.1"
    picomatch "^2.2.2"

"@swc/core-android-arm-eabi@1.2.208":
  version "1.2.208"
  resolved "https://registry.yarnpkg.com/@swc/core-android-arm-eabi/-/core-android-arm-eabi-1.2.208.tgz#df7d0fb531830186287733c633416cb166dc2e8d"
  integrity sha512-Cspm5VrwblJSwvcug0yEtNGQ6qG+LsuzTxJM+VHa8raNisyObPjA8J+SuiKv3sRb85rdjC7n1wSIQW0Sz2g3Dg==

"@swc/core-android-arm64@1.2.208":
  version "1.2.208"
  resolved "https://registry.yarnpkg.com/@swc/core-android-arm64/-/core-android-arm64-1.2.208.tgz#3c4343bc9209904f2f9ca88c97a987d6eecf991c"
  integrity sha512-gUQv1xSzHaaQ2/9+R8rcmVLWl7K0iM+r7Fbcs0z/BY8FzllXAEIC+AR/DyyYpEdsbUS3ZRWQmdMyC9Aj0xjRgA==

"@swc/core-darwin-arm64@1.2.208":
  version "1.2.208"
  resolved "https://registry.yarnpkg.com/@swc/core-darwin-arm64/-/core-darwin-arm64-1.2.208.tgz#b08145528abaccc280f3024f154e12a568e43f05"
  integrity sha512-xqILWXEQMvhoC/jH7/wnXAhLqTaH1oTDP/E3DVNLRzbLgACmUIo724Y3LKmBDzATVXupOHve8nNdNicAD9Q70Q==

"@swc/core-darwin-x64@1.2.208":
  version "1.2.208"
  resolved "https://registry.yarnpkg.com/@swc/core-darwin-x64/-/core-darwin-x64-1.2.208.tgz#1f2364e815856b16fc793882f279f9a647b66f9a"
  integrity sha512-o5FIXAFyeFKKCCk1o209DPRxUFUYAw1qSCN4jnY2o35iDL0gZosDrAnx71y1h4krPNUcOdcSHucwACH44+s18g==

"@swc/core-freebsd-x64@1.2.208":
  version "1.2.208"
  resolved "https://registry.yarnpkg.com/@swc/core-freebsd-x64/-/core-freebsd-x64-1.2.208.tgz#1c8e0e7e252b6e57d01a85f17727924f42e2995a"
  integrity sha512-j0IbNUZClbQy/SoKE3Tc+iLLwKSqogdp58wGNJjTccecug9EMmeG3fMqWdNbH8sDdmf63ZjT/zfQMnEmAr0dAw==

"@swc/core-linux-arm-gnueabihf@1.2.208":
  version "1.2.208"
  resolved "https://registry.yarnpkg.com/@swc/core-linux-arm-gnueabihf/-/core-linux-arm-gnueabihf-1.2.208.tgz#d66672614c7dc142011d457a66cdc68aeea8c804"
  integrity sha512-oqesiqB1lw9S50REMirVuhfLUL0Ub0TzJHMooNvPtrcwnXa0CDDdA60KfaaA8Mxiybly32TiXekW4fLxsNi04A==

"@swc/core-linux-arm64-gnu@1.2.208":
  version "1.2.208"
  resolved "https://registry.yarnpkg.com/@swc/core-linux-arm64-gnu/-/core-linux-arm64-gnu-1.2.208.tgz#e725a6b016de48c144163764fcb0055fefa49a8c"
  integrity sha512-Es0POIkuk7ite0syUUvO/xmh7E9zEKwdK1NhGiGu1nR4LwRTbUr7x0aaC+u3djZUJvZUa+4MK0NoayUbO7V+zQ==

"@swc/core-linux-arm64-musl@1.2.208":
  version "1.2.208"
  resolved "https://registry.yarnpkg.com/@swc/core-linux-arm64-musl/-/core-linux-arm64-musl-1.2.208.tgz#3397e39df1cd7dec2bb63145c002c7109d2a11da"
  integrity sha512-5Mel0Hw+95tVBC5Zx9A2FU8eBfcbbjOAQ3FsrdMbOeuhQYzV9CqNNQkktoEUfjnHlHF3HPShN8PBE20+ycf4HA==

"@swc/core-linux-x64-gnu@1.2.208":
  version "1.2.208"
  resolved "https://registry.yarnpkg.com/@swc/core-linux-x64-gnu/-/core-linux-x64-gnu-1.2.208.tgz#858336a49d130185469e370e0aa11d6923ffa90b"
  integrity sha512-j5GvAUf8hwHWKdmkF80HGSSzBzENmuWFG/OBle+0fwqO9NStUGWAoGYwBPiTlJ8aCBjbVGXlCVstHx8OHx+1pw==

"@swc/core-linux-x64-musl@1.2.208":
  version "1.2.208"
  resolved "https://registry.yarnpkg.com/@swc/core-linux-x64-musl/-/core-linux-x64-musl-1.2.208.tgz#ea8faceff0a14875f644fb66eaa1ccbff897bf50"
  integrity sha512-A+kGJDB3qQ1jaME7YiIH3yWOOx2Pjo8g+63TYsuaDJhA1MzQzg1KBCk5/gGEw5YFGgMqQbU0dp2emORu9UwRHw==

"@swc/core-win32-arm64-msvc@1.2.208":
  version "1.2.208"
  resolved "https://registry.yarnpkg.com/@swc/core-win32-arm64-msvc/-/core-win32-arm64-msvc-1.2.208.tgz#50dcb29511b9716ee7a2334e3e86110aaf2eac5c"
  integrity sha512-yTUC9QIAHecyBlT7HcoISM+L4vFkP+Y6+LpW4kW1VJmJWm2EEsaFXJdaH2LF6HVbPp+dgvsWK2+EqYephfUT1Q==

"@swc/core-win32-ia32-msvc@1.2.208":
  version "1.2.208"
  resolved "https://registry.yarnpkg.com/@swc/core-win32-ia32-msvc/-/core-win32-ia32-msvc-1.2.208.tgz#59ce0c20ecd0a96e6d09710756695b53c616e402"
  integrity sha512-A1h9ZLSCI7ixBxkvEf8Brxg5WdnBKPFsolacGnulGsqWHRez7UVtI2Q2NhgYMZdoPUIqEMVGE5d0M+MPCo5RRg==

"@swc/core-win32-x64-msvc@1.2.208":
  version "1.2.208"
  resolved "https://registry.yarnpkg.com/@swc/core-win32-x64-msvc/-/core-win32-x64-msvc-1.2.208.tgz#8b50d477ec1c7cfda15ad822540787c1f9fd17bc"
  integrity sha512-CkESi36HJSkqicrDQzgSWLOx9oTaVDrD8FnplP8PgpySUgoesyGg3uZt+2moaBTyUjxG6L4OuMTkwa0vsbiFrw==

"@swc/core@^1.2.207":
  version "1.2.208"
  resolved "https://registry.yarnpkg.com/@swc/core/-/core-1.2.208.tgz#7796cd6ffdab43567ae9460aae6e2f606265e205"
  integrity sha512-DzGQmQsWsmVlFppH2Xtu9ispT+b0W5YaXD1sqr4694zIjRMe5suAIMXRT0BiHlLXgWTSNDMUceOM/i4YXlWEhQ==
  optionalDependencies:
    "@swc/core-android-arm-eabi" "1.2.208"
    "@swc/core-android-arm64" "1.2.208"
    "@swc/core-darwin-arm64" "1.2.208"
    "@swc/core-darwin-x64" "1.2.208"
    "@swc/core-freebsd-x64" "1.2.208"
    "@swc/core-linux-arm-gnueabihf" "1.2.208"
    "@swc/core-linux-arm64-gnu" "1.2.208"
    "@swc/core-linux-arm64-musl" "1.2.208"
    "@swc/core-linux-x64-gnu" "1.2.208"
    "@swc/core-linux-x64-musl" "1.2.208"
    "@swc/core-win32-arm64-msvc" "1.2.208"
    "@swc/core-win32-ia32-msvc" "1.2.208"
    "@swc/core-win32-x64-msvc" "1.2.208"

"@types/node@^18.0.1":
  version "18.0.1"
  resolved "https://registry.yarnpkg.com/@types/node/-/node-18.0.1.tgz#e91bd73239b338557a84d1f67f7b9e0f25643870"
  integrity sha512-CmR8+Tsy95hhwtZBKJBs0/FFq4XX7sDZHlGGf+0q+BRZfMbOTkzkj0AFAuTyXbObDIoanaBBW0+KEW+m3N16Wg==

ansi-styles@^3.2.1:
  version "3.2.1"
  resolved "https://registry.yarnpkg.com/ansi-styles/-/ansi-styles-3.2.1.tgz#41fbb20243e50b12be0f04b8dedbf07520ce841d"
  integrity sha512-VT0ZI6kZRdTh8YyJw3SMbYm/u+NqfsAxEpWO0Pf9sq8/e94WxxOpPKx9FR1FlyCtOVDNOQ+8ntlqFxiRc+r5qA==
  dependencies:
    color-convert "^1.9.0"

chalk@^2.0.0:
  version "2.4.2"
  resolved "https://registry.yarnpkg.com/chalk/-/chalk-2.4.2.tgz#cd42541677a54333cf541a49108c1432b44c9424"
  integrity sha512-Mti+f9lpJNcwF4tWV8/OrTTtF1gZi+f8FqlyAdouralcFWFQWF2+NgCHShjkCb+IFBLq9buZwE1xckQU4peSuQ==
  dependencies:
    ansi-styles "^3.2.1"
    escape-string-regexp "^1.0.5"
    supports-color "^5.3.0"

color-convert@^1.9.0:
  version "1.9.3"
  resolved "https://registry.yarnpkg.com/color-convert/-/color-convert-1.9.3.tgz#bb71850690e1f136567de629d2d5471deda4c1e8"
  integrity sha512-QfAUtd+vFdAtFQcC8CCyYt1fYWxSqAiK2cSD6zDB8N3cpsEBAvRxp9zOGg6G/SHHJYAT88/az/IuDGALsNVbGg==
  dependencies:
    color-name "1.1.3"

color-name@1.1.3:
  version "1.1.3"
  resolved "https://registry.yarnpkg.com/color-name/-/color-name-1.1.3.tgz#a7d0558bd89c42f795dd42328f740831ca53bc25"
  integrity sha512-72fSenhMw2HZMTVHeCA9KCmpEIbzWiQsjN+BHcBbS9vr1mtt+vJjPdksIBNUmKAW8TFUDPJK5SUU3QhE9NEXDw==

escape-string-regexp@^1.0.5:
  version "1.0.5"
  resolved "https://registry.yarnpkg.com/escape-string-regexp/-/escape-string-regexp-1.0.5.tgz#1b61c0562190a8dff6ae3bb2cf0200ca130b86d4"
  integrity sha512-vbRorB5FUQWvla16U8R/qgaFIya2qGzwDrNmCZuYKrbdSUMG6I1ZCGQRefkRVhuOkIGVne7BQ35DSfo1qvJqFg==

estree-walker@^2.0.1:
  version "2.0.2"
  resolved "https://registry.yarnpkg.com/estree-walker/-/estree-walker-2.0.2.tgz#52f010178c2a4c117a7757cfe942adb7d2da4cac"
  integrity sha512-Rfkk/Mp/DL7JVje3u18FxFujQlTNR2q6QfMSMB7AvCBx91NGj/ba3kCfza0f6dVDbw7YlRf/nDrn7pQrCCyQ/w==

fsevents@~2.3.2:
  version "2.3.2"
  resolved "https://registry.yarnpkg.com/fsevents/-/fsevents-2.3.2.tgz#8a526f78b8fdf4623b709e0b975c52c24c02fd1a"
  integrity sha512-xiqMQR4xAeHTuB9uWm+fFRcIOgKBMiOBP+eXiyT7jsgVCq1bkVygt00oASowB7EdtpOHaaPgKt812P9ab+DDKA==

has-flag@^3.0.0:
  version "3.0.0"
  resolved "https://registry.yarnpkg.com/has-flag/-/has-flag-3.0.0.tgz#b5d454dc2199ae225699f3467e5a07f3b955bafd"
  integrity sha512-sKJf1+ceQBr4SMkvQnBDNDtf4TXpVhVGateu0t918bl30FnbE2m4vNLX+VWe/dpjlb+HugGYzW7uQXH98HPEYw==

js-tokens@^4.0.0:
  version "4.0.0"
  resolved "https://registry.yarnpkg.com/js-tokens/-/js-tokens-4.0.0.tgz#19203fb59991df98e3a287050d4647cdeaf32499"
  integrity sha512-RdJUflcE3cUzKiMqQgsCu06FPu9UdIJO0beYbPhHN4k6apgJtifcoCtT9bcxOpYBtpD2kCM6Sbzg4CausW/PKQ==

magic-string@^0.26.1:
  version "0.26.2"
  resolved "https://registry.yarnpkg.com/magic-string/-/magic-string-0.26.2.tgz#5331700e4158cd6befda738bb6b0c7b93c0d4432"
  integrity sha512-NzzlXpclt5zAbmo6h6jNc8zl2gNRGHvmsZW4IvZhTC4W7k4OlLP+S5YLussa/r3ixNT66KOQfNORlXHSOy/X4A==
  dependencies:
    sourcemap-codec "^1.4.8"

picomatch@^2.2.2:
  version "2.3.1"
  resolved "https://registry.yarnpkg.com/picomatch/-/picomatch-2.3.1.tgz#3ba3833733646d9d3e4995946c1365a67fb07a42"
  integrity sha512-JU3teHTNjmE2VCGFzuY8EXzCDVwEqB2a8fsIvwaStHhAWJEeVd1o1QD80CU6+ZdEXXSLbSsuLwJjkCBWqRQUVA==

rollup-plugin-dts@^4.2.2:
  version "4.2.2"
  resolved "https://registry.yarnpkg.com/rollup-plugin-dts/-/rollup-plugin-dts-4.2.2.tgz#82876b8784213af29b02cf260b45e404ff835ce1"
  integrity sha512-A3g6Rogyko/PXeKoUlkjxkP++8UDVpgA7C+Tdl77Xj4fgEaIjPSnxRmR53EzvoYy97VMVwLAOcWJudaVAuxneQ==
  dependencies:
    magic-string "^0.26.1"
  optionalDependencies:
    "@babel/code-frame" "^7.16.7"

rollup@^2.75.7:
  version "2.75.7"
  resolved "https://registry.yarnpkg.com/rollup/-/rollup-2.75.7.tgz#221ff11887ae271e37dcc649ba32ce1590aaa0b9"
  integrity sha512-VSE1iy0eaAYNCxEXaleThdFXqZJ42qDBatAwrfnPlENEZ8erQ+0LYX4JXOLPceWfZpV1VtZwZ3dFCuOZiSyFtQ==
  optionalDependencies:
    fsevents "~2.3.2"

sourcemap-codec@^1.4.8:
  version "1.4.8"
  resolved "https://registry.yarnpkg.com/sourcemap-codec/-/sourcemap-codec-1.4.8.tgz#ea804bd94857402e6992d05a38ef1ae35a9ab4c4"
  integrity sha512-9NykojV5Uih4lgo5So5dtw+f0JgJX30KCNI8gwhz2J9A15wD0Ml6tjHKwf6fTSa6fAdVBdZeNOs9eJ71qCk8vA==

supports-color@^5.3.0:
  version "5.5.0"
  resolved "https://registry.yarnpkg.com/supports-color/-/supports-color-5.5.0.tgz#e2e69a44ac8772f78a1ec0b35b689df6530efc8f"
  integrity sha512-QjVjwdXIt408MIiAqCX4oUKsgU2EqAGzs2Ppkm4aQYbjm+ZEWEcW4SfFNTr4uMNZma0ey4f5lgLrkB0aX0QMow==
  dependencies:
    has-flag "^3.0.0"

typescript@^4.7.4:
  version "4.7.4"
  resolved "https://registry.yarnpkg.com/typescript/-/typescript-4.7.4.tgz#1a88596d1cf47d59507a1bcdfb5b9dfe4d488235"
  integrity sha512-C0WQT0gezHuw6AdY1M2jxUO83Rjf0HP7Sk1DtXj6j1EwkQNZrHAg2XPWlq62oqEhYvONq5pkC2Y9oPljWToLmQ==
