# THIS IS AN AUTOGENERATED FILE. DO NOT EDIT THIS FILE DIRECTLY.
# yarn lockfile v1


"@swc/core-darwin-arm64@1.3.66":
  version "1.3.66"
  resolved "https://registry.yarnpkg.com/@swc/core-darwin-arm64/-/core-darwin-arm64-1.3.66.tgz#b34a396479ca8fc82876d6dfb28c78a51010e6ce"
  integrity sha512-UijJsvuLy73vxeVYEy7urIHksXS+3BdvJ9s9AY+bRMSQW483NO7RLp8g4FdTyJbRaN0BH15SQnY0dcjQBkVuHw==

"@swc/core-darwin-x64@1.3.66":
  version "1.3.66"
  resolved "https://registry.yarnpkg.com/@swc/core-darwin-x64/-/core-darwin-x64-1.3.66.tgz#b778e434d29652eae6da6ee7ed335605f7cfd866"
  integrity sha512-xGsHKvViQnwTNLF30Y/5OqWdnN6RsiyUI8awZXfz1sHcXCEaLe+v+WLQ+/E8sgw0YUkYVHzzfV/sAN2CezJK5Q==

"@swc/core-linux-arm-gnueabihf@1.3.66":
  version "1.3.66"
  resolved "https://registry.yarnpkg.com/@swc/core-linux-arm-gnueabihf/-/core-linux-arm-gnueabihf-1.3.66.tgz#a7ab556dc9fc770069fea292ff5551161df83a70"
  integrity sha512-gNbLcSIV2pq90BkMSpzvK4xPXOl8GEF3YR4NaqF0CYSzQsVXXTTqMuX/r26xNYudBKzH0345S1MpoRk2qricnA==

"@swc/core-linux-arm64-gnu@1.3.66":
  version "1.3.66"
  resolved "https://registry.yarnpkg.com/@swc/core-linux-arm64-gnu/-/core-linux-arm64-gnu-1.3.66.tgz#00591f5fd0d9f1d1ed565329936451eb6d0d5433"
  integrity sha512-cJSQ0oplyWbJqy4rzVcnBYLAi6z1QT3QCcR7iAey0aAmCvfRBZJfXlyjggMjn4iosuadkauwCZR1xYNhBDRn7w==

"@swc/core-linux-arm64-musl@1.3.66":
  version "1.3.66"
  resolved "https://registry.yarnpkg.com/@swc/core-linux-arm64-musl/-/core-linux-arm64-musl-1.3.66.tgz#dd8e5e7b1154b5a42a32d57914e0de2cef6686ff"
  integrity sha512-GDQZpcB9aGxG9PTA2shdIkoMZlGK5omJ8NR49uoBTtLBVYiGeXAwV0U1Uaw8kXEZj9i7wZDkvjzjSaNH3evRsg==

"@swc/core-linux-x64-gnu@1.3.66":
  version "1.3.66"
  resolved "https://registry.yarnpkg.com/@swc/core-linux-x64-gnu/-/core-linux-x64-gnu-1.3.66.tgz#35de4b88e3f256e7923503a8031569c733859b68"
  integrity sha512-lg8E4O/Pd9KfK0lajdinVMuGME8dSv7V9arhEpmlfGE2eXSDCWqDn5Htk5QVBstt9lt1lsRhWHJ/YYc2eQY30Q==

"@swc/core-linux-x64-musl@1.3.66":
  version "1.3.66"
  resolved "https://registry.yarnpkg.com/@swc/core-linux-x64-musl/-/core-linux-x64-musl-1.3.66.tgz#623de62c638a31cda5d44014b981290e3f79f6de"
  integrity sha512-lo8ZcAO/zL2pZWH+LZIyge8u2MklaeuT6+FpVVpBFktMVdYXbaVtzpvWbgRFBZHvL3SRDF+u8jxjtkXhvGUpTw==

"@swc/core-win32-arm64-msvc@1.3.66":
  version "1.3.66"
  resolved "https://registry.yarnpkg.com/@swc/core-win32-arm64-msvc/-/core-win32-arm64-msvc-1.3.66.tgz#49a432f43a314666e681a98801d7b2d303e5ef75"
  integrity sha512-cQoVwBuJY5WkHbfpCOlndNwYr1ZThatRjQQvKy540NUIeAEk9Fa6ozlDBtU75UdaWKtUG6YQ/bWz+KTemheVxw==

"@swc/core-win32-ia32-msvc@1.3.66":
  version "1.3.66"
  resolved "https://registry.yarnpkg.com/@swc/core-win32-ia32-msvc/-/core-win32-ia32-msvc-1.3.66.tgz#80c8af627b46de67fbac05908025e764194669ad"
  integrity sha512-y/FrAIINK4UBeUQQknGlWXEyjo+MBvjF7WkUf2KP7sNr9EHHy8+dXohAGd5Anz0eJrqOM1ZXR/GEjxRp7bGQ1Q==

"@swc/core-win32-x64-msvc@1.3.66":
  version "1.3.66"
  resolved "https://registry.yarnpkg.com/@swc/core-win32-x64-msvc/-/core-win32-x64-msvc-1.3.66.tgz#7984da6bf1f1a5410c2e6514dc2814abb2e6c91a"
  integrity sha512-yI64ACzS14qFLrfyO12qW+f/UROTotzDeEbuyJAaPD2IZexoT1cICznI3sBmIfrSt33mVuW8eF5m3AG/NUImzw==

"@swc/core@^1.3.66":
  version "1.3.66"
  resolved "https://registry.yarnpkg.com/@swc/core/-/core-1.3.66.tgz#d07e4c9cd49205881171ee1ffd04f824ecea2f25"
  integrity sha512-Hpf91kH5ly7fHkWnApwryTQryT+TO4kMMPH3WyciUSQOWLE3UuQz1PtETHQQk7PZ/b1QF0qQurJrgfBr5bSKUA==
  optionalDependencies:
    "@swc/core-darwin-arm64" "1.3.66"
    "@swc/core-darwin-x64" "1.3.66"
    "@swc/core-linux-arm-gnueabihf" "1.3.66"
    "@swc/core-linux-arm64-gnu" "1.3.66"
    "@swc/core-linux-arm64-musl" "1.3.66"
    "@swc/core-linux-x64-gnu" "1.3.66"
    "@swc/core-linux-x64-musl" "1.3.66"
    "@swc/core-win32-arm64-msvc" "1.3.66"
    "@swc/core-win32-ia32-msvc" "1.3.66"
    "@swc/core-win32-x64-msvc" "1.3.66"

"@types/node@^20.3.1":
  version "20.3.1"
  resolved "https://registry.yarnpkg.com/@types/node/-/node-20.3.1.tgz#e8a83f1aa8b649377bb1fb5d7bac5cb90e784dfe"
  integrity sha512-EhcH/wvidPy1WeML3TtYFGR83UzjxeWRen9V402T8aUGYsCHOmfoisV3ZSg03gAFIbLq8TnWOJ0f4cALtnSEUg==

fsevents@~2.3.2:
  version "2.3.2"
  resolved "https://registry.yarnpkg.com/fsevents/-/fsevents-2.3.2.tgz#8a526f78b8fdf4623b709e0b975c52c24c02fd1a"
  integrity sha512-xiqMQR4xAeHTuB9uWm+fFRcIOgKBMiOBP+eXiyT7jsgVCq1bkVygt00oASowB7EdtpOHaaPgKt812P9ab+DDKA==

qoi-cli@^0.14.5:
  version "0.14.5"
  resolved "https://registry.yarnpkg.com/qoi-cli/-/qoi-cli-0.14.5.tgz#ae6375c9afc93d235391f85427143f71c2b74638"
  integrity sha512-7nU0SYOu+GLlIdUcvUqGmzi3jMRMTQgOPjEvbI3Wbdttlh+EMVA/Iy1HJWrVrt26c5Cb7BcZQ/pA2GuKo9ikQg==
  dependencies:
    "@swc/core" "^1.3.66"
    rollup "^3.25.1"

rollup@^3.25.1:
  version "3.25.1"
  resolved "https://registry.yarnpkg.com/rollup/-/rollup-3.25.1.tgz#9fff79d22ff1a904b2b595a2fb9bc3793cb987d8"
  integrity sha512-tywOR+rwIt5m2ZAWSe5AIJcTat8vGlnPFAv15ycCrw33t6iFsXZ6mzHVFh2psSjxQPmI+xgzMZZizUAukBI4aQ==
  optionalDependencies:
    fsevents "~2.3.2"

typescript@^5.1.3:
  version "5.1.3"
  resolved "https://registry.yarnpkg.com/typescript/-/typescript-5.1.3.tgz#8d84219244a6b40b6fb2b33cc1c062f715b9e826"
  integrity sha512-XH627E9vkeqhlZFQuL+UsyAXEnibT0kWR2FWONlr4sTjvxyJYnyefgrkyECLzM5NenmKzRAy2rR/OlYLA1HkZw==
