# THIS IS AN AUTOGENERATED FILE. DO NOT EDIT THIS FILE DIRECTLY.
# yarn lockfile v1


"@babel/code-frame@^7.16.7":
  version "7.16.7"
  resolved "https://registry.yarnpkg.com/@babel/code-frame/-/code-frame-7.16.7.tgz#44416b6bd7624b998f5b1af5d470856c40138789"
  integrity sha512-iAXqUn8IIeBTNd72xsFlgaXHkMBMt6y4HJp1tIaK465CWLT/fG1aqB7ykr95gHHmlBdGbFeWWfyB4NJJ0nmeIg==
  dependencies:
    "@babel/highlight" "^7.16.7"

"@babel/helper-validator-identifier@^7.16.7":
  version "7.16.7"
  resolved "https://registry.yarnpkg.com/@babel/helper-validator-identifier/-/helper-validator-identifier-7.16.7.tgz#e8c602438c4a8195751243da9031d1607d247cad"
  integrity sha512-hsEnFemeiW4D08A5gUAZxLBTXpZ39P+a+DGDsHw1yxqyQ/jzFEnxf5uTEGp+3bzAbNOxU1paTgYS4ECU/IgfDw==

"@babel/highlight@^7.16.7":
  version "7.17.12"
  resolved "https://registry.yarnpkg.com/@babel/highlight/-/highlight-7.17.12.tgz#257de56ee5afbd20451ac0a75686b6b404257351"
  integrity sha512-7yykMVF3hfZY2jsHZEEgLc+3x4o1O+fYyULu11GynEUQNwB6lua+IIQn1FiJxNucd5UlyJryrwsOh8PL9Sn8Qg==
  dependencies:
    "@babel/helper-validator-identifier" "^7.16.7"
    chalk "^2.0.0"
    js-tokens "^4.0.0"

"@qoi/build@^0.1.0":
  version "0.1.0"
  resolved "https://registry.yarnpkg.com/@qoi/build/-/build-0.1.0.tgz#19cd6fdafc9c0c97ff211133c2a5f3d45a23b955"
  integrity sha512-VwoNFUNiUBOZ5+acIypjE8l0XefFhD/8YTSS400dva9j7Ja39IwIIRuhScTpmBwjPuCBeTG+HpGAg7T3i7Pmxw==
  dependencies:
    rollup "^2.75.7"

"@qoi/cli@^0.1.0":
  version "0.1.0"
  resolved "https://registry.yarnpkg.com/@qoi/cli/-/cli-0.1.0.tgz#e56b6a13b3b09fbd410c0bd94bc440c7bb667231"
  integrity sha512-cGgZte7YYkAEV6OSgsdd+nww0KovfTh/UPdDFAqwFApzegwiOvEnXxBLweMhEiwsxeyv2vIT5DHiePLrLYIF8Q==
  dependencies:
    "@qoi/fs" "0.1.0"
    "@qoi/register" "0.1.0"

"@qoi/fs@0.1.0":
  version "0.1.0"
  resolved "https://registry.yarnpkg.com/@qoi/fs/-/fs-0.1.0.tgz#d9d556853d3695b6e45b7c49a7afdc6044453f86"
  integrity sha512-N3c3qZY20NenOdf8uIvivMcT/jSZ7nx1qHq3/Y2wq/jGe7wlDHaJFKVk3IJ4M2PpZxPz3ojOZa0NBRygagLN8A==

"@qoi/register@0.1.0":
  version "0.1.0"
  resolved "https://registry.yarnpkg.com/@qoi/register/-/register-0.1.0.tgz#fbd556152ae154dce029123c355ef04e7a4c668c"
  integrity sha512-EMOFYlu3XlY0vZ7Py8GALR8y/GQr/Kga8192OiWcY2i7Jwb9Ppr0iJtGSxNdMGnsvmnlTsFg/Cc07AOoWLTKjQ==
  dependencies:
    "@swc/core" "^1.2.205"
    source-map-support "^0.5.21"

"@rollup/pluginutils@^4.2.1":
  version "4.2.1"
  resolved "https://registry.yarnpkg.com/@rollup/pluginutils/-/pluginutils-4.2.1.tgz#e6c6c3aba0744edce3fb2074922d3776c0af2a6d"
  integrity sha512-iKnFXr7NkdZAIHiIWE+BX5ULi/ucVFYWD6TbAV+rZctiRTY2PL6tsIKhoIOaoskiWAkgu+VsbXgUVDNLHf+InQ==
  dependencies:
    estree-walker "^2.0.1"
    picomatch "^2.2.2"

"@swc/core-android-arm-eabi@1.2.205":
  version "1.2.205"
  resolved "https://registry.yarnpkg.com/@swc/core-android-arm-eabi/-/core-android-arm-eabi-1.2.205.tgz#d8ca076cbfbe92f17297de0e6b2754a7ae3a8e2f"
  integrity sha512-HfiuVA1JDHMSRQ8nE1DcemUgZ1PKaPwit4i7q3xin0NVbVHY1xkJyQFuLVh3VxTvGKKkF3hi8GJMVQgOXWL6kg==

"@swc/core-android-arm64@1.2.205":
  version "1.2.205"
  resolved "https://registry.yarnpkg.com/@swc/core-android-arm64/-/core-android-arm64-1.2.205.tgz#cb822dad076b1c30b990a2037147ae42f66bf98e"
  integrity sha512-sRGZBV2dOnmh8gWWFo9HVOHdKa33zIsF8/8oYEGtq+2/s96UlAKltO2AA7HH9RaO/fT1tzBZStp+fEMUhDk/FA==

"@swc/core-darwin-arm64@1.2.205":
  version "1.2.205"
  resolved "https://registry.yarnpkg.com/@swc/core-darwin-arm64/-/core-darwin-arm64-1.2.205.tgz#1a3340e21459cdeea2224057ddf031a330782424"
  integrity sha512-JwVDfKS7vp7zzOQXWNwwcF41h4r3DWEpK6DQjz18WJyS1VVOcpVQGyuE7kSPjcnG01ZxBL9JPwwT353i/8IwDg==

"@swc/core-darwin-x64@1.2.205":
  version "1.2.205"
  resolved "https://registry.yarnpkg.com/@swc/core-darwin-x64/-/core-darwin-x64-1.2.205.tgz#7a6552acd42482ecb84b1c90c0defad408ac81cc"
  integrity sha512-malz2I+w6xFF1QyTmPGt0Y0NEMbUcrvfr5gUfZDGjxMhPPlS7k6fXucuZxVr9VVaM+JGq1SidVODmZ84jb1qHg==

"@swc/core-freebsd-x64@1.2.205":
  version "1.2.205"
  resolved "https://registry.yarnpkg.com/@swc/core-freebsd-x64/-/core-freebsd-x64-1.2.205.tgz#d58f48d5de9a2babd609802338bd8e8934fec39a"
  integrity sha512-/nZrG1z0T7h97AsOb/wOtYlnh4WEuNppv3XKQIMPj32YNQdMBVgpybVTVRIs1GQGZMd1/7jAy5BVQcwQjUbrLg==

"@swc/core-linux-arm-gnueabihf@1.2.205":
  version "1.2.205"
  resolved "https://registry.yarnpkg.com/@swc/core-linux-arm-gnueabihf/-/core-linux-arm-gnueabihf-1.2.205.tgz#33f7f639ab64dc8c9229a2e63fc025db50905345"
  integrity sha512-mTA3vETMdBmpecUyI9waZYsp7FABhew4e81psspmFpDyfty0SLISWZDnvPAn0pSnb2fWhzKwDC5kdXHKUmLJuA==

"@swc/core-linux-arm64-gnu@1.2.205":
  version "1.2.205"
  resolved "https://registry.yarnpkg.com/@swc/core-linux-arm64-gnu/-/core-linux-arm64-gnu-1.2.205.tgz#ab3aef46cb3792368cfdb1ff1fa9af4df0664e17"
  integrity sha512-qGzFGryeQE+O5SFK7Nn2ESqCEnv00rnzhf11WZF9V71EZ15amIhmbcwHqvFpoRSDw8hZnqoGqfPRfoJbouptnA==

"@swc/core-linux-arm64-musl@1.2.205":
  version "1.2.205"
  resolved "https://registry.yarnpkg.com/@swc/core-linux-arm64-musl/-/core-linux-arm64-musl-1.2.205.tgz#20e79f0a3cfbe0d803ad256fd422ee17b52e3464"
  integrity sha512-uLJoX9L/4Xg3sLMjAbIhzbTe5gD/MBA8VETBeEkLtgb7a0ys1kvn9xQ6qLw6A71amEPlI+VABnoTRdUEaBSV9Q==

"@swc/core-linux-x64-gnu@1.2.205":
  version "1.2.205"
  resolved "https://registry.yarnpkg.com/@swc/core-linux-x64-gnu/-/core-linux-x64-gnu-1.2.205.tgz#7e698ca21854a038f973ed5cb2d195ae00b0707a"
  integrity sha512-gQsjcYlkWKP1kceQIsoHGrOrG7ygW3ojNsSnYoZ5DG5PipRA4eeUfO9YIfrmoa29LiVNjmRPfUJa8O1UHDG5ew==

"@swc/core-linux-x64-musl@1.2.205":
  version "1.2.205"
  resolved "https://registry.yarnpkg.com/@swc/core-linux-x64-musl/-/core-linux-x64-musl-1.2.205.tgz#e9aeb2bdf4aad466d1250d67aade0984cd6c4812"
  integrity sha512-LR5ukqBltQc++2eX3qEj/H8KtOt0V3CmtgXNOiNCUxvPDT8mYz/8MJhYOrofonND0RKfXyyPW7dRxg62ceTLSQ==

"@swc/core-win32-arm64-msvc@1.2.205":
  version "1.2.205"
  resolved "https://registry.yarnpkg.com/@swc/core-win32-arm64-msvc/-/core-win32-arm64-msvc-1.2.205.tgz#c46bf0adc703d199fd1eeef4a811913cb0e74164"
  integrity sha512-NjcLWm4mOy78LAEt7pqFl+SLcCyqnSlUP729XRd1uRvKwt1Cwch5SQRdoaFqwf1DaEQy4H4iuGPynkfarlb1kQ==

"@swc/core-win32-ia32-msvc@1.2.205":
  version "1.2.205"
  resolved "https://registry.yarnpkg.com/@swc/core-win32-ia32-msvc/-/core-win32-ia32-msvc-1.2.205.tgz#f1aa4a72670c6367282e39f81052d51287b23497"
  integrity sha512-+6byrRxIXgZ0zmLL6ZeX1HBBrAqvCy8MR5Yz0SO26jR8OPZXJCgZXL9BTsZO+YEG4f32ZOlZh3nnHCl6Dcb4GA==

"@swc/core-win32-x64-msvc@1.2.205":
  version "1.2.205"
  resolved "https://registry.yarnpkg.com/@swc/core-win32-x64-msvc/-/core-win32-x64-msvc-1.2.205.tgz#626b979203510c43c7f5a8014881a2c08426bf33"
  integrity sha512-RRSkyAol0c7sU9gejtrpF8TLmdYdBjLutcmQHtLKbWTm74ZLidZpF28G0J2tD7HNmzQnMpLzyoT1jW9JgLwzVg==

"@swc/core@^1.2.205":
  version "1.2.205"
  resolved "https://registry.yarnpkg.com/@swc/core/-/core-1.2.205.tgz#b786644c1752bc9206bcd30b05a4f365ef60eed3"
  integrity sha512-evq0/tFyYdYgOhKb//+G93fxe9zwFxtme7NL7wSiEF8+4/ON4Y5AI9eHLoqddXqs3W8Y0HQi+rJmlrkCibrseA==
  optionalDependencies:
    "@swc/core-android-arm-eabi" "1.2.205"
    "@swc/core-android-arm64" "1.2.205"
    "@swc/core-darwin-arm64" "1.2.205"
    "@swc/core-darwin-x64" "1.2.205"
    "@swc/core-freebsd-x64" "1.2.205"
    "@swc/core-linux-arm-gnueabihf" "1.2.205"
    "@swc/core-linux-arm64-gnu" "1.2.205"
    "@swc/core-linux-arm64-musl" "1.2.205"
    "@swc/core-linux-x64-gnu" "1.2.205"
    "@swc/core-linux-x64-musl" "1.2.205"
    "@swc/core-win32-arm64-msvc" "1.2.205"
    "@swc/core-win32-ia32-msvc" "1.2.205"
    "@swc/core-win32-x64-msvc" "1.2.205"

"@types/node@^18.0.0":
  version "18.0.0"
  resolved "https://registry.yarnpkg.com/@types/node/-/node-18.0.0.tgz#67c7b724e1bcdd7a8821ce0d5ee184d3b4dd525a"
  integrity sha512-cHlGmko4gWLVI27cGJntjs/Sj8th9aYwplmZFwmmgYQQvL5NUsgVJG7OddLvNfLqYS31KFN0s3qlaD9qCaxACA==

ansi-styles@^3.2.1:
  version "3.2.1"
  resolved "https://registry.yarnpkg.com/ansi-styles/-/ansi-styles-3.2.1.tgz#41fbb20243e50b12be0f04b8dedbf07520ce841d"
  integrity sha512-VT0ZI6kZRdTh8YyJw3SMbYm/u+NqfsAxEpWO0Pf9sq8/e94WxxOpPKx9FR1FlyCtOVDNOQ+8ntlqFxiRc+r5qA==
  dependencies:
    color-convert "^1.9.0"

buffer-from@^1.0.0:
  version "1.1.2"
  resolved "https://registry.yarnpkg.com/buffer-from/-/buffer-from-1.1.2.tgz#2b146a6fd72e80b4f55d255f35ed59a3a9a41bd5"
  integrity sha512-E+XQCRwSbaaiChtv6k6Dwgc+bx+Bs6vuKJHHl5kox/BaKbhiXzqQOwK4cO22yElGp2OCmjwVhT3HmxgyPGnJfQ==

chalk@^2.0.0:
  version "2.4.2"
  resolved "https://registry.yarnpkg.com/chalk/-/chalk-2.4.2.tgz#cd42541677a54333cf541a49108c1432b44c9424"
  integrity sha512-Mti+f9lpJNcwF4tWV8/OrTTtF1gZi+f8FqlyAdouralcFWFQWF2+NgCHShjkCb+IFBLq9buZwE1xckQU4peSuQ==
  dependencies:
    ansi-styles "^3.2.1"
    escape-string-regexp "^1.0.5"
    supports-color "^5.3.0"

color-convert@^1.9.0:
  version "1.9.3"
  resolved "https://registry.yarnpkg.com/color-convert/-/color-convert-1.9.3.tgz#bb71850690e1f136567de629d2d5471deda4c1e8"
  integrity sha512-QfAUtd+vFdAtFQcC8CCyYt1fYWxSqAiK2cSD6zDB8N3cpsEBAvRxp9zOGg6G/SHHJYAT88/az/IuDGALsNVbGg==
  dependencies:
    color-name "1.1.3"

color-name@1.1.3:
  version "1.1.3"
  resolved "https://registry.yarnpkg.com/color-name/-/color-name-1.1.3.tgz#a7d0558bd89c42f795dd42328f740831ca53bc25"
  integrity sha512-72fSenhMw2HZMTVHeCA9KCmpEIbzWiQsjN+BHcBbS9vr1mtt+vJjPdksIBNUmKAW8TFUDPJK5SUU3QhE9NEXDw==

escape-string-regexp@^1.0.5:
  version "1.0.5"
  resolved "https://registry.yarnpkg.com/escape-string-regexp/-/escape-string-regexp-1.0.5.tgz#1b61c0562190a8dff6ae3bb2cf0200ca130b86d4"
  integrity sha512-vbRorB5FUQWvla16U8R/qgaFIya2qGzwDrNmCZuYKrbdSUMG6I1ZCGQRefkRVhuOkIGVne7BQ35DSfo1qvJqFg==

estree-walker@^2.0.1:
  version "2.0.2"
  resolved "https://registry.yarnpkg.com/estree-walker/-/estree-walker-2.0.2.tgz#52f010178c2a4c117a7757cfe942adb7d2da4cac"
  integrity sha512-Rfkk/Mp/DL7JVje3u18FxFujQlTNR2q6QfMSMB7AvCBx91NGj/ba3kCfza0f6dVDbw7YlRf/nDrn7pQrCCyQ/w==

fsevents@~2.3.2:
  version "2.3.2"
  resolved "https://registry.yarnpkg.com/fsevents/-/fsevents-2.3.2.tgz#8a526f78b8fdf4623b709e0b975c52c24c02fd1a"
  integrity sha512-xiqMQR4xAeHTuB9uWm+fFRcIOgKBMiOBP+eXiyT7jsgVCq1bkVygt00oASowB7EdtpOHaaPgKt812P9ab+DDKA==

has-flag@^3.0.0:
  version "3.0.0"
  resolved "https://registry.yarnpkg.com/has-flag/-/has-flag-3.0.0.tgz#b5d454dc2199ae225699f3467e5a07f3b955bafd"
  integrity sha512-sKJf1+ceQBr4SMkvQnBDNDtf4TXpVhVGateu0t918bl30FnbE2m4vNLX+VWe/dpjlb+HugGYzW7uQXH98HPEYw==

js-tokens@^4.0.0:
  version "4.0.0"
  resolved "https://registry.yarnpkg.com/js-tokens/-/js-tokens-4.0.0.tgz#19203fb59991df98e3a287050d4647cdeaf32499"
  integrity sha512-RdJUflcE3cUzKiMqQgsCu06FPu9UdIJO0beYbPhHN4k6apgJtifcoCtT9bcxOpYBtpD2kCM6Sbzg4CausW/PKQ==

magic-string@^0.26.1:
  version "0.26.2"
  resolved "https://registry.yarnpkg.com/magic-string/-/magic-string-0.26.2.tgz#5331700e4158cd6befda738bb6b0c7b93c0d4432"
  integrity sha512-NzzlXpclt5zAbmo6h6jNc8zl2gNRGHvmsZW4IvZhTC4W7k4OlLP+S5YLussa/r3ixNT66KOQfNORlXHSOy/X4A==
  dependencies:
    sourcemap-codec "^1.4.8"

picomatch@^2.2.2:
  version "2.3.1"
  resolved "https://registry.yarnpkg.com/picomatch/-/picomatch-2.3.1.tgz#3ba3833733646d9d3e4995946c1365a67fb07a42"
  integrity sha512-JU3teHTNjmE2VCGFzuY8EXzCDVwEqB2a8fsIvwaStHhAWJEeVd1o1QD80CU6+ZdEXXSLbSsuLwJjkCBWqRQUVA==

rollup-plugin-dts@^4.2.2:
  version "4.2.2"
  resolved "https://registry.yarnpkg.com/rollup-plugin-dts/-/rollup-plugin-dts-4.2.2.tgz#82876b8784213af29b02cf260b45e404ff835ce1"
  integrity sha512-A3g6Rogyko/PXeKoUlkjxkP++8UDVpgA7C+Tdl77Xj4fgEaIjPSnxRmR53EzvoYy97VMVwLAOcWJudaVAuxneQ==
  dependencies:
    magic-string "^0.26.1"
  optionalDependencies:
    "@babel/code-frame" "^7.16.7"

rollup@^2.75.7:
  version "2.75.7"
  resolved "https://registry.yarnpkg.com/rollup/-/rollup-2.75.7.tgz#221ff11887ae271e37dcc649ba32ce1590aaa0b9"
  integrity sha512-VSE1iy0eaAYNCxEXaleThdFXqZJ42qDBatAwrfnPlENEZ8erQ+0LYX4JXOLPceWfZpV1VtZwZ3dFCuOZiSyFtQ==
  optionalDependencies:
    fsevents "~2.3.2"

source-map-support@^0.5.21:
  version "0.5.21"
  resolved "https://registry.yarnpkg.com/source-map-support/-/source-map-support-0.5.21.tgz#04fe7c7f9e1ed2d662233c28cb2b35b9f63f6e4f"
  integrity sha512-uBHU3L3czsIyYXKX88fdrGovxdSCoTGDRZ6SYXtSRxLZUzHg5P/66Ht6uoUlHu9EZod+inXhKo3qQgwXUT/y1w==
  dependencies:
    buffer-from "^1.0.0"
    source-map "^0.6.0"

source-map@^0.6.0:
  version "0.6.1"
  resolved "https://registry.yarnpkg.com/source-map/-/source-map-0.6.1.tgz#74722af32e9614e9c287a8d0bbde48b5e2f1a263"
  integrity sha512-UjgapumWlbMhkBgzT7Ykc5YXUT46F0iKu8SGXq0bcwP5dz/h0Plj6enJqjz1Zbq2l5WaqYnrVbwWOWMyF3F47g==

sourcemap-codec@^1.4.8:
  version "1.4.8"
  resolved "https://registry.yarnpkg.com/sourcemap-codec/-/sourcemap-codec-1.4.8.tgz#ea804bd94857402e6992d05a38ef1ae35a9ab4c4"
  integrity sha512-9NykojV5Uih4lgo5So5dtw+f0JgJX30KCNI8gwhz2J9A15wD0Ml6tjHKwf6fTSa6fAdVBdZeNOs9eJ71qCk8vA==

supports-color@^5.3.0:
  version "5.5.0"
  resolved "https://registry.yarnpkg.com/supports-color/-/supports-color-5.5.0.tgz#e2e69a44ac8772f78a1ec0b35b689df6530efc8f"
  integrity sha512-QjVjwdXIt408MIiAqCX4oUKsgU2EqAGzs2Ppkm4aQYbjm+ZEWEcW4SfFNTr4uMNZma0ey4f5lgLrkB0aX0QMow==
  dependencies:
    has-flag "^3.0.0"

typescript@^4.7.4:
  version "4.7.4"
  resolved "https://registry.yarnpkg.com/typescript/-/typescript-4.7.4.tgz#1a88596d1cf47d59507a1bcdfb5b9dfe4d488235"
  integrity sha512-C0WQT0gezHuw6AdY1M2jxUO83Rjf0HP7Sk1DtXj6j1EwkQNZrHAg2XPWlq62oqEhYvONq5pkC2Y9oPljWToLmQ==
